<?xml version="1.0" encoding="utf-8"?>
<Project ToolsVersion="4.0" xmlns="http://schemas.microsoft.com/developer/msbuild/2003">
  <ItemGroup>
    <Filter Include="core">
      <UniqueIdentifier>{ea3ce34a-dfbe-4198-a105-90120ca213c0}</UniqueIdentifier>
    </Filter>
    <Filter Include="core\features">
      <UniqueIdentifier>{ce83181d-1afb-45f7-8ce5-4ee46b4e0249}</UniqueIdentifier>
    </Filter>
    <Filter Include="core\hooks">
      <UniqueIdentifier>{ee62d94d-0a39-4a17-9de6-be187abde5bf}</UniqueIdentifier>
    </Filter>
    <Filter Include="core\features\source">
      <UniqueIdentifier>{49e30550-8ffb-4184-b013-e7c987fbf46f}</UniqueIdentifier>
    </Filter>
    <Filter Include="core\features\header">
      <UniqueIdentifier>{5a1fa677-3117-40cc-a93d-f8b0ff290b0f}</UniqueIdentifier>
    </Filter>
    <Filter Include="sdk">
      <UniqueIdentifier>{ec61663e-ed81-4e32-be1b-b8c8f0c9cc35}</UniqueIdentifier>
    </Filter>
    <Filter Include="utilities">
      <UniqueIdentifier>{5a2021c0-2957-4d14-9d4e-55440a303308}</UniqueIdentifier>
    </Filter>
    <Filter Include="utilities\hooklib">
      <UniqueIdentifier>{11ff3034-4ade-4082-b447-8eec5c3430bc}</UniqueIdentifier>
    </Filter>
    <Filter Include="utilities\math">
      <UniqueIdentifier>{e83a3804-467e-403f-8518-aeadcad44b00}</UniqueIdentifier>
    </Filter>
    <Filter Include="core\init">
      <UniqueIdentifier>{28740dff-b4af-4f39-96c7-85fb2202c1a6}</UniqueIdentifier>
    </Filter>
    <Filter Include="utilities\structs">
      <UniqueIdentifier>{bf06d8df-707d-46bf-9042-f1b561884ab3}</UniqueIdentifier>
    </Filter>
    <Filter Include="utilities\structs\vec3d">
      <UniqueIdentifier>{6b82f51d-da96-4eda-af6a-d39a40584acf}</UniqueIdentifier>
    </Filter>
    <Filter Include="utilities\structs\vec2d">
      <UniqueIdentifier>{57a13869-00ec-463e-b74f-2f66f3aa4861}</UniqueIdentifier>
    </Filter>
  </ItemGroup>
  <ItemGroup>
    <ClCompile Include="..\dllentry.cpp" />
    <ClCompile Include="..\core\init\init.cpp">
      <Filter>core\init</Filter>
    </ClCompile>
    <ClCompile Include="..\utilities\math\math.cpp">
      <Filter>utilities\math</Filter>
    </ClCompile>
    <ClCompile Include="..\utilities\structures\vec2d\vec2d.cpp">
      <Filter>utilities\structs\vec2d</Filter>
    </ClCompile>
    <ClCompile Include="..\utilities\structures\vec3d\vec3d.cpp">
      <Filter>utilities\structs\vec3d</Filter>
    </ClCompile>
    <ClCompile Include="..\utilities\hooklib\hooklib.cpp">
      <Filter>utilities\hooklib</Filter>
    </ClCompile>
    <ClCompile Include="..\core\hooks\hooks.cpp">
      <Filter>core\hooks</Filter>
    </ClCompile>
  </ItemGroup>
  <ItemGroup>
    <ClInclude Include="..\includes.h" />
    <ClInclude Include="..\core\init\init.h">
      <Filter>core\init</Filter>
    </ClInclude>
    <ClInclude Include="..\utilities\math\math.h">
      <Filter>utilities\math</Filter>
    </ClInclude>
    <ClInclude Include="..\utilities\structures\vec2d\vec2d.h">
      <Filter>utilities\structs\vec2d</Filter>
    </ClInclude>
    <ClInclude Include="..\utilities\structures\vec3d\vec3d.h">
      <Filter>utilities\structs\vec3d</Filter>
    </ClInclude>
    <ClInclude Include="..\utilities\hooklib\hooklib.h">
      <Filter>utilities\hooklib</Filter>
    </ClInclude>
    <ClInclude Include="..\core\hooks\hooks.h">
      <Filter>core\hooks</Filter>
    </ClInclude>
  </ItemGroup>
</Project>