<?xml version="1.0" encoding="utf-8"?>
<Project ToolsVersion="4.0" xmlns="http://schemas.microsoft.com/developer/msbuild/2003">
  <ItemGroup>
    <Filter Include="core">
      <UniqueIdentifier>{ea3ce34a-dfbe-4198-a105-90120ca213c0}</UniqueIdentifier>
    </Filter>
    <Filter Include="core\features">
      <UniqueIdentifier>{ce83181d-1afb-45f7-8ce5-4ee46b4e0249}</UniqueIdentifier>
    </Filter>
    <Filter Include="core\hooks">
      <UniqueIdentifier>{ee62d94d-0a39-4a17-9de6-be187abde5bf}</UniqueIdentifier>
    </Filter>
    <Filter Include="core\features\source">
      <UniqueIdentifier>{49e30550-8ffb-4184-b013-e7c987fbf46f}</UniqueIdentifier>
    </Filter>
    <Filter Include="core\features\header">
      <UniqueIdentifier>{5a1fa677-3117-40cc-a93d-f8b0ff290b0f}</UniqueIdentifier>
    </Filter>
    <Filter Include="sdk">
      <UniqueIdentifier>{ec61663e-ed81-4e32-be1b-b8c8f0c9cc35}</UniqueIdentifier>
    </Filter>
    <Filter Include="core\init">
      <UniqueIdentifier>{28740dff-b4af-4f39-96c7-85fb2202c1a6}</UniqueIdentifier>
    </Filter>
    <Filter Include="pch">
      <UniqueIdentifier>{0b39cea8-a73a-4469-b436-e3b30d97c5f7}</UniqueIdentifier>
    </Filter>
    <Filter Include="sdk\manager">
      <UniqueIdentifier>{0e39bdad-3d0e-4f07-a6d1-40cce495baa3}</UniqueIdentifier>
    </Filter>
    <Filter Include="sdk\manager\interface">
      <UniqueIdentifier>{797c684b-97dc-4f27-bc22-0eab1702402b}</UniqueIdentifier>
    </Filter>
    <Filter Include="sdk\manager\netvars">
      <UniqueIdentifier>{6a17d351-2b30-421b-826e-9213ce1fb868}</UniqueIdentifier>
    </Filter>
    <Filter Include="sdk\manager\interface\classes">
      <UniqueIdentifier>{3c3a4860-9100-4f81-83dd-7628b95e9638}</UniqueIdentifier>
    </Filter>
    <Filter Include="sdk\classes">
      <UniqueIdentifier>{356fa429-6007-438c-be69-70595e5d1d71}</UniqueIdentifier>
    </Filter>
    <Filter Include="utilities">
      <UniqueIdentifier>{578e6fde-268c-4797-8dfc-229704cecfd3}</UniqueIdentifier>
    </Filter>
    <Filter Include="utilities\math">
      <UniqueIdentifier>{46fe6934-d2d9-44f3-9778-e79a14629f4b}</UniqueIdentifier>
    </Filter>
    <Filter Include="utilities\hooklib">
      <UniqueIdentifier>{b93189a2-0cd0-4699-8a55-01e43e4c693e}</UniqueIdentifier>
    </Filter>
    <Filter Include="utilities\structs">
      <UniqueIdentifier>{45505c90-6e12-4c65-8bcb-19fa62cedbb4}</UniqueIdentifier>
    </Filter>
    <Filter Include="utilities\tools">
      <UniqueIdentifier>{8a7b6eeb-294b-4448-8212-7e439324a5fd}</UniqueIdentifier>
    </Filter>
    <Filter Include="utilities\render">
      <UniqueIdentifier>{87e1b867-fcd1-49a8-b31e-038d75c6573f}</UniqueIdentifier>
    </Filter>
    <Filter Include="utilities\structs\vec2d">
      <UniqueIdentifier>{176cd97c-6c95-448c-b5ef-082e7611f31c}</UniqueIdentifier>
    </Filter>
    <Filter Include="utilities\structs\vec3d">
      <UniqueIdentifier>{83168744-61cd-4af2-a6fb-6dc775e62a90}</UniqueIdentifier>
    </Filter>
    <Filter Include="utilities\structs\color">
      <UniqueIdentifier>{17903e89-4843-4676-a147-da36c48eaa90}</UniqueIdentifier>
    </Filter>
    <Filter Include="core\hooks\directx">
      <UniqueIdentifier>{326a5d82-036f-458d-91ef-20ba227d2716}</UniqueIdentifier>
    </Filter>
    <Filter Include="core\hooks\clientmode">
      <UniqueIdentifier>{11e9a3c0-58b0-4e68-95c8-4f347e31e8b9}</UniqueIdentifier>
    </Filter>
    <Filter Include="core\imgui">
      <UniqueIdentifier>{4dbd1f31-7566-415e-97da-8357f8fd6bc3}</UniqueIdentifier>
    </Filter>
    <Filter Include="core\menu">
      <UniqueIdentifier>{b86f5d37-adfd-431d-9715-f6c68d4174be}</UniqueIdentifier>
    </Filter>
    <Filter Include="core\hooks\studiorender">
      <UniqueIdentifier>{8321e80a-e2ad-41c9-8cd9-03d6e8d4a387}</UniqueIdentifier>
    </Filter>
    <Filter Include="core\features\variables">
      <UniqueIdentifier>{0c91149a-cba2-4a1c-a3a0-bf1f51fea784}</UniqueIdentifier>
    </Filter>
    <Filter Include="core\hooks\client">
      <UniqueIdentifier>{3dc32654-a82a-4962-81fa-f730aa34f91a}</UniqueIdentifier>
    </Filter>
    <Filter Include="sdk\structs">
      <UniqueIdentifier>{5e6a7671-830d-41b9-a480-db0f0d830a07}</UniqueIdentifier>
    </Filter>
    <Filter Include="utilities\structs\vecaligned">
      <UniqueIdentifier>{e647e043-78bb-4aa6-9418-c78bfbd8850b}</UniqueIdentifier>
    </Filter>
  </ItemGroup>
  <ItemGroup>
    <ClCompile Include="..\dllentry.cpp" />
    <ClCompile Include="..\core\init\init.cpp">
      <Filter>core\init</Filter>
    </ClCompile>
    <ClCompile Include="..\core\hooks\hooks.cpp">
      <Filter>core\hooks</Filter>
    </ClCompile>
    <ClCompile Include="..\pch\pch.cpp">
      <Filter>pch</Filter>
    </ClCompile>
    <ClCompile Include="..\sdk\manager\interface\interface.cpp">
      <Filter>sdk\manager\interface</Filter>
    </ClCompile>
    <ClCompile Include="..\sdk\manager\netvars\netvars.cpp">
      <Filter>sdk\manager\netvars</Filter>
    </ClCompile>
    <ClCompile Include="..\utilities\math\math.cpp">
      <Filter>utilities\math</Filter>
    </ClCompile>
    <ClCompile Include="..\utilities\hooklib\hooklib.cpp">
      <Filter>utilities\hooklib</Filter>
    </ClCompile>
    <ClCompile Include="..\utilities\tools\tools.cpp">
      <Filter>utilities\tools</Filter>
    </ClCompile>
    <ClCompile Include="..\utilities\structures\vec3d\vec3d.cpp">
      <Filter>utilities\structs\vec3d</Filter>
    </ClCompile>
    <ClCompile Include="..\core\features\source\visuals.cpp">
      <Filter>core\features\source</Filter>
    </ClCompile>
    <ClCompile Include="..\core\hooks\directx\directx.cpp">
      <Filter>core\hooks\directx</Filter>
    </ClCompile>
    <ClCompile Include="..\utilities\render\render.cpp">
      <Filter>utilities\render</Filter>
    </ClCompile>
    <ClCompile Include="..\core\imgui\imgui.cpp">
      <Filter>core\imgui</Filter>
    </ClCompile>
    <ClCompile Include="..\core\imgui\imgui_demo.cpp">
      <Filter>core\imgui</Filter>
    </ClCompile>
    <ClCompile Include="..\core\imgui\imgui_draw.cpp">
      <Filter>core\imgui</Filter>
    </ClCompile>
    <ClCompile Include="..\core\imgui\imgui_impl_dx9.cpp">
      <Filter>core\imgui</Filter>
    </ClCompile>
    <ClCompile Include="..\core\imgui\imgui_impl_win32.cpp">
      <Filter>core\imgui</Filter>
    </ClCompile>
    <ClCompile Include="..\core\imgui\imgui_tables.cpp">
      <Filter>core\imgui</Filter>
    </ClCompile>
    <ClCompile Include="..\core\imgui\imgui_widgets.cpp">
      <Filter>core\imgui</Filter>
    </ClCompile>
    <ClCompile Include="..\core\menu\menu.cpp">
      <Filter>core\menu</Filter>
    </ClCompile>
    <ClCompile Include="..\core\features\source\chams.cpp">
      <Filter>core\features\source</Filter>
    </ClCompile>
    <ClCompile Include="..\core\features\source\aimbot.cpp">
      <Filter>core\features\source</Filter>
    </ClCompile>
    <ClCompile Include="..\core\features\source\backtrack.cpp">
      <Filter>core\features\source</Filter>
    </ClCompile>
    <ClCompile Include="..\core\features\source\misc.cpp">
      <Filter>core\features\source</Filter>
    </ClCompile>
  </ItemGroup>
  <ItemGroup>
    <ClInclude Include="..\includes.h" />
    <ClInclude Include="..\core\init\init.h">
      <Filter>core\init</Filter>
    </ClInclude>
    <ClInclude Include="..\core\hooks\hooks.h">
      <Filter>core\hooks</Filter>
    </ClInclude>
    <ClInclude Include="..\pch\pch.h">
      <Filter>pch</Filter>
    </ClInclude>
    <ClInclude Include="..\sdk\manager\interface\interface.h">
      <Filter>sdk\manager\interface</Filter>
    </ClInclude>
    <ClInclude Include="..\sdk\manager\netvars\netvars.h">
      <Filter>sdk\manager\netvars</Filter>
    </ClInclude>
    <ClInclude Include="..\sdk\manager\interface\classes\IClientEntityList.h">
      <Filter>sdk\manager\interface\classes</Filter>
    </ClInclude>
    <ClInclude Include="..\sdk\manager\interface\classes\IBaseClientDLL.h">
      <Filter>sdk\manager\interface\classes</Filter>
    </ClInclude>
    <ClInclude Include="..\sdk\classes\entity.h">
      <Filter>sdk\classes</Filter>
    </ClInclude>
    <ClInclude Include="..\utilities\math\math.h">
      <Filter>utilities\math</Filter>
    </ClInclude>
    <ClInclude Include="..\utilities\hooklib\hooklib.h">
      <Filter>utilities\hooklib</Filter>
    </ClInclude>
    <ClInclude Include="..\utilities\render\render.h">
      <Filter>utilities\render</Filter>
    </ClInclude>
    <ClInclude Include="..\utilities\tools\tools.h">
      <Filter>utilities\tools</Filter>
    </ClInclude>
    <ClInclude Include="..\utilities\structures\color\color.h">
      <Filter>utilities\structs\color</Filter>
    </ClInclude>
    <ClInclude Include="..\utilities\structures\vec3d\vec3d.h">
      <Filter>utilities\structs\vec3d</Filter>
    </ClInclude>
    <ClInclude Include="..\utilities\structures\vec2d\vec2d.h">
      <Filter>utilities\structs\vec2d</Filter>
    </ClInclude>
    <ClInclude Include="..\sdk\manager\interface\classes\IVEngineClient.h">
      <Filter>sdk\manager\interface\classes</Filter>
    </ClInclude>
    <ClInclude Include="..\sdk\manager\interface\classes\DebugOverlay.h">
      <Filter>sdk\manager\interface\classes</Filter>
    </ClInclude>
    <ClInclude Include="..\core\features\header\visuals.h">
      <Filter>core\features\header</Filter>
    </ClInclude>
    <ClInclude Include="..\sdk\manager\interface\classes\IClientRenderable.h">
      <Filter>sdk\manager\interface\classes</Filter>
    </ClInclude>
    <ClInclude Include="..\core\hooks\directx\directx.h">
      <Filter>core\hooks\directx</Filter>
    </ClInclude>
    <ClInclude Include="..\core\hooks\directx\endscene.h">
      <Filter>core\hooks\directx</Filter>
    </ClInclude>
    <ClInclude Include="..\sdk\manager\interface\classes\CGlobalVars.h">
      <Filter>sdk\manager\interface\classes</Filter>
    </ClInclude>
    <ClInclude Include="..\sdk\manager\interface\classes\IClientMode.h">
      <Filter>sdk\manager\interface\classes</Filter>
    </ClInclude>
    <ClInclude Include="..\sdk\classes\cusercmd.h">
      <Filter>sdk\classes</Filter>
    </ClInclude>
    <ClInclude Include="..\core\hooks\clientmode\clientmode.h">
      <Filter>core\hooks\clientmode</Filter>
    </ClInclude>
    <ClInclude Include="..\core\imgui\imconfig.h">
      <Filter>core\imgui</Filter>
    </ClInclude>
    <ClInclude Include="..\core\imgui\imgui.h">
      <Filter>core\imgui</Filter>
    </ClInclude>
    <ClInclude Include="..\core\imgui\imgui_impl_dx9.h">
      <Filter>core\imgui</Filter>
    </ClInclude>
    <ClInclude Include="..\core\imgui\imgui_impl_win32.h">
      <Filter>core\imgui</Filter>
    </ClInclude>
    <ClInclude Include="..\core\imgui\imgui_internal.h">
      <Filter>core\imgui</Filter>
    </ClInclude>
    <ClInclude Include="..\core\imgui\imstb_rectpack.h">
      <Filter>core\imgui</Filter>
    </ClInclude>
    <ClInclude Include="..\core\imgui\imstb_textedit.h">
      <Filter>core\imgui</Filter>
    </ClInclude>
    <ClInclude Include="..\core\imgui\imstb_truetype.h">
      <Filter>core\imgui</Filter>
    </ClInclude>
    <ClInclude Include="..\core\menu\menu.h">
      <Filter>core\menu</Filter>
    </ClInclude>
    <ClInclude Include="..\sdk\manager\interface\classes\IInputSystem.h">
      <Filter>sdk\manager\interface\classes</Filter>
    </ClInclude>
    <ClInclude Include="..\sdk\manager\interface\classes\IPanel.h">
      <Filter>sdk\manager\interface\classes</Filter>
    </ClInclude>
    <ClInclude Include="..\sdk\manager\interface\classes\IGameConsole.h">
      <Filter>sdk\manager\interface\classes</Filter>
    </ClInclude>
    <ClInclude Include="..\sdk\manager\interface\classes\IVModelRender.h">
      <Filter>sdk\manager\interface\classes</Filter>
    </ClInclude>
    <ClInclude Include="..\sdk\manager\interface\classes\IMaterial.h">
      <Filter>sdk\manager\interface\classes</Filter>
    </ClInclude>
    <ClInclude Include="..\sdk\manager\interface\classes\IMaterialSystem.h">
      <Filter>sdk\manager\interface\classes</Filter>
    </ClInclude>
    <ClInclude Include="..\sdk\manager\interface\classes\IStudioRender.h">
      <Filter>sdk\manager\interface\classes</Filter>
    </ClInclude>
    <ClInclude Include="..\sdk\manager\interface\classes\IRenderView.h">
      <Filter>sdk\manager\interface\classes</Filter>
    </ClInclude>
    <ClInclude Include="..\core\hooks\studiorender\studiorender.h">
      <Filter>core\hooks\studiorender</Filter>
    </ClInclude>
    <ClInclude Include="..\core\features\header\chams.h">
      <Filter>core\features\header</Filter>
    </ClInclude>
    <ClInclude Include="..\sdk\classes\entityclass.h">
      <Filter>sdk\classes</Filter>
    </ClInclude>
    <ClInclude Include="..\core\features\variables\variables.h">
      <Filter>core\features\variables</Filter>
    </ClInclude>
    <ClInclude Include="..\core\hooks\client\hudupdate.h">
      <Filter>core\hooks\client</Filter>
    </ClInclude>
    <ClInclude Include="..\sdk\manager\interface\classes\ISurface.h">
      <Filter>sdk\manager\interface\classes</Filter>
    </ClInclude>
    <ClInclude Include="..\core\features\header\aimbot.h">
      <Filter>core\features\header</Filter>
    </ClInclude>
    <ClInclude Include="..\sdk\structs\models.h">
      <Filter>sdk\structs</Filter>
    </ClInclude>
    <ClInclude Include="..\sdk\manager\interface\classes\IVModelInfo.h">
      <Filter>sdk\manager\interface\classes</Filter>
    </ClInclude>
    <ClInclude Include="..\utilities\structures\vecaligned\vecaligned.h">
      <Filter>utilities\structs\vecaligned</Filter>
    </ClInclude>
    <ClInclude Include="..\sdk\classes\collideable.h">
      <Filter>sdk\classes</Filter>
    </ClInclude>
    <ClInclude Include="..\sdk\manager\interface\classes\IEngineTrace.h">
      <Filter>sdk\manager\interface\classes</Filter>
    </ClInclude>
    <ClInclude Include="..\utilities\tools\xorstr.h">
      <Filter>utilities\tools</Filter>
    </ClInclude>
    <ClInclude Include="..\sdk\manager\interface\classes\ICvar.h">
      <Filter>sdk\manager\interface\classes</Filter>
    </ClInclude>
    <ClInclude Include="..\sdk\manager\interface\classes\IAppSystem.h">
      <Filter>sdk\manager\interface\classes</Filter>
    </ClInclude>
    <ClInclude Include="..\sdk\classes\convar.h">
      <Filter>sdk\classes</Filter>
    </ClInclude>
    <ClInclude Include="..\sdk\classes\INetChannelInfo.h">
      <Filter>sdk\classes</Filter>
    </ClInclude>
    <ClInclude Include="..\core\features\header\backtrack.h">
      <Filter>core\features\header</Filter>
    </ClInclude>
    <ClInclude Include="..\core\features\header\misc.h">
      <Filter>core\features\header</Filter>
    </ClInclude>
    <ClInclude Include="..\sdk\manager\interface\classes\IClientUnknown.h">
      <Filter>sdk\manager\interface\classes</Filter>
    </ClInclude>
    <ClInclude Include="..\sdk\manager\interface\classes\CBaseHandle.h">
      <Filter>sdk\manager\interface\classes</Filter>
    </ClInclude>
    <ClInclude Include="..\sdk\manager\interface\classes\IHandleEntity.h">
      <Filter>sdk\manager\interface\classes</Filter>
    </ClInclude>
    <ClInclude Include="..\sdk\manager\interface\classes\ICollideable.h">
      <Filter>sdk\manager\interface\classes</Filter>
    </ClInclude>
    <ClInclude Include="..\sdk\manager\interface\classes\IClientEntity.h">
      <Filter>sdk\manager\interface\classes</Filter>
    </ClInclude>
    <ClInclude Include="..\sdk\manager\interface\classes\IClientThinkable.h">
      <Filter>sdk\manager\interface\classes</Filter>
    </ClInclude>
    <ClInclude Include="..\sdk\manager\interface\classes\IClientNetworkable.h">
      <Filter>sdk\manager\interface\classes</Filter>
    </ClInclude>
  </ItemGroup>
  <ItemGroup>
    <None Include="..\README.md" />
  </ItemGroup>
</Project>