<?xml version="1.0" encoding="utf-8"?>
<Project ToolsVersion="4.0" xmlns="http://schemas.microsoft.com/developer/msbuild/2003">
  <ItemGroup>
    <Filter Include="core">
      <UniqueIdentifier>{ea3ce34a-dfbe-4198-a105-90120ca213c0}</UniqueIdentifier>
    </Filter>
    <Filter Include="core\features">
      <UniqueIdentifier>{ce83181d-1afb-45f7-8ce5-4ee46b4e0249}</UniqueIdentifier>
    </Filter>
    <Filter Include="core\hooks">
      <UniqueIdentifier>{ee62d94d-0a39-4a17-9de6-be187abde5bf}</UniqueIdentifier>
    </Filter>
    <Filter Include="core\features\source">
      <UniqueIdentifier>{49e30550-8ffb-4184-b013-e7c987fbf46f}</UniqueIdentifier>
    </Filter>
    <Filter Include="core\features\header">
      <UniqueIdentifier>{5a1fa677-3117-40cc-a93d-f8b0ff290b0f}</UniqueIdentifier>
    </Filter>
    <Filter Include="sdk">
      <UniqueIdentifier>{ec61663e-ed81-4e32-be1b-b8c8f0c9cc35}</UniqueIdentifier>
    </Filter>
    <Filter Include="utilities">
      <UniqueIdentifier>{5a2021c0-2957-4d14-9d4e-55440a303308}</UniqueIdentifier>
    </Filter>
    <Filter Include="utilities\hooklib">
      <UniqueIdentifier>{11ff3034-4ade-4082-b447-8eec5c3430bc}</UniqueIdentifier>
    </Filter>
    <Filter Include="utilities\math">
      <UniqueIdentifier>{e83a3804-467e-403f-8518-aeadcad44b00}</UniqueIdentifier>
    </Filter>
    <Filter Include="core\init">
      <UniqueIdentifier>{28740dff-b4af-4f39-96c7-85fb2202c1a6}</UniqueIdentifier>
    </Filter>
    <Filter Include="utilities\structs">
      <UniqueIdentifier>{bf06d8df-707d-46bf-9042-f1b561884ab3}</UniqueIdentifier>
    </Filter>
    <Filter Include="utilities\structs\vec3d">
      <UniqueIdentifier>{6b82f51d-da96-4eda-af6a-d39a40584acf}</UniqueIdentifier>
    </Filter>
    <Filter Include="utilities\structs\vec2d">
      <UniqueIdentifier>{57a13869-00ec-463e-b74f-2f66f3aa4861}</UniqueIdentifier>
    </Filter>
    <Filter Include="utilities\tools">
      <UniqueIdentifier>{f7558737-6a75-4628-a179-45ee6d3543cd}</UniqueIdentifier>
    </Filter>
    <Filter Include="pch">
      <UniqueIdentifier>{0b39cea8-a73a-4469-b436-e3b30d97c5f7}</UniqueIdentifier>
    </Filter>
    <Filter Include="sdk\manager">
      <UniqueIdentifier>{0e39bdad-3d0e-4f07-a6d1-40cce495baa3}</UniqueIdentifier>
    </Filter>
    <Filter Include="sdk\manager\interface">
      <UniqueIdentifier>{797c684b-97dc-4f27-bc22-0eab1702402b}</UniqueIdentifier>
    </Filter>
    <Filter Include="sdk\manager\netvars">
      <UniqueIdentifier>{6a17d351-2b30-421b-826e-9213ce1fb868}</UniqueIdentifier>
    </Filter>
    <Filter Include="core\framework">
      <UniqueIdentifier>{55bf72aa-8e3f-4432-8de2-781715267020}</UniqueIdentifier>
    </Filter>
    <Filter Include="core\framework\header">
      <UniqueIdentifier>{b170ebd4-c085-4435-8875-a4c63bd653a5}</UniqueIdentifier>
    </Filter>
    <Filter Include="core\framework\source">
      <UniqueIdentifier>{13cc16f2-4005-4975-bdab-376b9a7fe150}</UniqueIdentifier>
    </Filter>
    <Filter Include="sdk\manager\interface\classes">
      <UniqueIdentifier>{3c3a4860-9100-4f81-83dd-7628b95e9638}</UniqueIdentifier>
    </Filter>
    <Filter Include="sdk\classes">
      <UniqueIdentifier>{356fa429-6007-438c-be69-70595e5d1d71}</UniqueIdentifier>
    </Filter>
    <Filter Include="utilities\structs\color">
      <UniqueIdentifier>{ae6e64c1-2f9b-4c44-95d3-927c6a14cdbb}</UniqueIdentifier>
    </Filter>
    <Filter Include="core\hooks\directx">
      <UniqueIdentifier>{8dab4563-17ff-4c4b-aea7-5196e8781582}</UniqueIdentifier>
    </Filter>
    <Filter Include="utilities\render">
      <UniqueIdentifier>{051e0ffe-6f62-4d07-a663-8e4277e28939}</UniqueIdentifier>
    </Filter>
  </ItemGroup>
  <ItemGroup>
    <ClCompile Include="..\dllentry.cpp" />
    <ClCompile Include="..\core\init\init.cpp">
      <Filter>core\init</Filter>
    </ClCompile>
    <ClCompile Include="..\utilities\math\math.cpp">
      <Filter>utilities\math</Filter>
    </ClCompile>
    <ClCompile Include="..\utilities\structures\vec2d\vec2d.cpp">
      <Filter>utilities\structs\vec2d</Filter>
    </ClCompile>
    <ClCompile Include="..\utilities\structures\vec3d\vec3d.cpp">
      <Filter>utilities\structs\vec3d</Filter>
    </ClCompile>
    <ClCompile Include="..\utilities\hooklib\hooklib.cpp">
      <Filter>utilities\hooklib</Filter>
    </ClCompile>
    <ClCompile Include="..\core\hooks\hooks.cpp">
      <Filter>core\hooks</Filter>
    </ClCompile>
    <ClCompile Include="..\utilities\tools\tools.cpp">
      <Filter>utilities\tools</Filter>
    </ClCompile>
    <ClCompile Include="..\pch\pch.cpp">
      <Filter>pch</Filter>
    </ClCompile>
    <ClCompile Include="..\sdk\manager\interface\interface.cpp">
      <Filter>sdk\manager\interface</Filter>
    </ClCompile>
    <ClCompile Include="..\sdk\manager\netvars\netvars.cpp">
      <Filter>sdk\manager\netvars</Filter>
    </ClCompile>
    <ClCompile Include="..\core\features\source\directx.cpp">
      <Filter>core\features\source</Filter>
    </ClCompile>
  </ItemGroup>
  <ItemGroup>
    <ClInclude Include="..\includes.h" />
    <ClInclude Include="..\core\init\init.h">
      <Filter>core\init</Filter>
    </ClInclude>
    <ClInclude Include="..\utilities\math\math.h">
      <Filter>utilities\math</Filter>
    </ClInclude>
    <ClInclude Include="..\utilities\structures\vec2d\vec2d.h">
      <Filter>utilities\structs\vec2d</Filter>
    </ClInclude>
    <ClInclude Include="..\utilities\structures\vec3d\vec3d.h">
      <Filter>utilities\structs\vec3d</Filter>
    </ClInclude>
    <ClInclude Include="..\utilities\hooklib\hooklib.h">
      <Filter>utilities\hooklib</Filter>
    </ClInclude>
    <ClInclude Include="..\core\hooks\hooks.h">
      <Filter>core\hooks</Filter>
    </ClInclude>
    <ClInclude Include="..\utilities\tools\tools.h">
      <Filter>utilities\tools</Filter>
    </ClInclude>
    <ClInclude Include="..\pch\pch.h">
      <Filter>pch</Filter>
    </ClInclude>
    <ClInclude Include="..\sdk\manager\interface\interface.h">
      <Filter>sdk\manager\interface</Filter>
    </ClInclude>
    <ClInclude Include="..\sdk\manager\netvars\netvars.h">
      <Filter>sdk\manager\netvars</Filter>
    </ClInclude>
    <ClInclude Include="..\sdk\manager\interface\classes\IClientEntityList.h">
      <Filter>sdk\manager\interface\classes</Filter>
    </ClInclude>
    <ClInclude Include="..\sdk\manager\interface\classes\IBaseClientDLL.h">
      <Filter>sdk\manager\interface\classes</Filter>
    </ClInclude>
    <ClInclude Include="..\sdk\classes\entity.h">
      <Filter>sdk\classes</Filter>
    </ClInclude>
    <ClInclude Include="..\utilities\structures\color\color.h">
      <Filter>utilities\structs\color</Filter>
    </ClInclude>
    <ClInclude Include="..\core\features\header\directx.h">
      <Filter>core\features\header</Filter>
    </ClInclude>
    <ClInclude Include="..\core\hooks\directx\endscene.h">
      <Filter>core\hooks\directx</Filter>
    </ClInclude>
    <ClInclude Include="..\utilities\render\render.h">
      <Filter>utilities\render</Filter>
    </ClInclude>
  </ItemGroup>
  <ItemGroup>
    <None Include="..\README.md" />
  </ItemGroup>
</Project>